
Microsoft Visual Studio Solution File, Format Version 12.00
# Visual Studio Version 17
VisualStudioVersion = 17.6.33723.286
MinimumVisualStudioVersion = 10.0.40219.1
Project("{9A19103F-16F7-4668-BE54-9A1E7A4F7556}") = "ToDoApp.Domain", "ToDoApp.Domain\ToDoApp.Domain.csproj", "{56FEA860-301E-499F-BB44-21FD046FEAA6}"
EndProject
Project("{9A19103F-16F7-4668-BE54-9A1E7A4F7556}") = "ToDoApp.Application", "ToDoApp.Application\ToDoApp.Application.csproj", "{4D1CF3DD-010C-4400-A58F-074A0D0A5B1F}"
EndProject
Project("{9A19103F-16F7-4668-BE54-9A1E7A4F7556}") = "ToDoApp.Infrastructure", "ToDoApp.Infrastructure\ToDoApp.Infrastructure.csproj", "{ED280371-9F5E-464C-A361-DDA14DC33747}"
EndProject
Project("{9A19103F-16F7-4668-BE54-9A1E7A4F7556}") = "ToDoApp.UnitTests", "ToDoApp.UnitTests\ToDoApp.UnitTests.csproj", "{99379C1E-A527-4199-B61D-14AD87EFD16C}"
EndProject
Project("{9A19103F-16F7-4668-BE54-9A1E7A4F7556}") = "ToDoApp.MVC.UI", "ToDoApp.MVC.UI\ToDoApp.MVC.UI.csproj", "{18DF1912-DC6D-4097-B298-6AEEB6240E52}"
EndProject
Project("{2150E333-8FDC-42A3-9474-1A3956D46DE8}") = "Readme", "Readme", "{67B0524A-DCB0-442E-9C35-2ECF69899443}"
	ProjectSection(SolutionItems) = preProject
		Readme.md = Readme.md
	EndProjectSection
EndProject
Global
	GlobalSection(SolutionConfigurationPlatforms) = preSolution
		Debug|Any CPU = Debug|Any CPU
		Release|Any CPU = Release|Any CPU
	EndGlobalSection
	GlobalSection(ProjectConfigurationPlatforms) = postSolution
		{56FEA860-301E-499F-BB44-21FD046FEAA6}.Debug|Any CPU.ActiveCfg = Debug|Any CPU
		{56FEA860-301E-499F-BB44-21FD046FEAA6}.Debug|Any CPU.Build.0 = Debug|Any CPU
		{56FEA860-301E-499F-BB44-21FD046FEAA6}.Release|Any CPU.ActiveCfg = Release|Any CPU
		{56FEA860-301E-499F-BB44-21FD046FEAA6}.Release|Any CPU.Build.0 = Release|Any CPU
		{4D1CF3DD-010C-4400-A58F-074A0D0A5B1F}.Debug|Any CPU.ActiveCfg = Debug|Any CPU
		{4D1CF3DD-010C-4400-A58F-074A0D0A5B1F}.Debug|Any CPU.Build.0 = Debug|Any CPU
		{4D1CF3DD-010C-4400-A58F-074A0D0A5B1F}.Release|Any CPU.ActiveCfg = Release|Any CPU
		{4D1CF3DD-010C-4400-A58F-074A0D0A5B1F}.Release|Any CPU.Build.0 = Release|Any CPU
		{ED280371-9F5E-464C-A361-DDA14DC33747}.Debug|Any CPU.ActiveCfg = Debug|Any CPU
		{ED280371-9F5E-464C-A361-DDA14DC33747}.Debug|Any CPU.Build.0 = Debug|Any CPU
		{ED280371-9F5E-464C-A361-DDA14DC33747}.Release|Any CPU.ActiveCfg = Release|Any CPU
		{ED280371-9F5E-464C-A361-DDA14DC33747}.Release|Any CPU.Build.0 = Release|Any CPU
		{99379C1E-A527-4199-B61D-14AD87EFD16C}.Debug|Any CPU.ActiveCfg = Debug|Any CPU
		{99379C1E-A527-4199-B61D-14AD87EFD16C}.Debug|Any CPU.Build.0 = Debug|Any CPU
		{99379C1E-A527-4199-B61D-14AD87EFD16C}.Release|Any CPU.ActiveCfg = Release|Any CPU
		{99379C1E-A527-4199-B61D-14AD87EFD16C}.Release|Any CPU.Build.0 = Release|Any CPU
		{18DF1912-DC6D-4097-B298-6AEEB6240E52}.Debug|Any CPU.ActiveCfg = Debug|Any CPU
		{18DF1912-DC6D-4097-B298-6AEEB6240E52}.Debug|Any CPU.Build.0 = Debug|Any CPU
		{18DF1912-DC6D-4097-B298-6AEEB6240E52}.Release|Any CPU.ActiveCfg = Release|Any CPU
		{18DF1912-DC6D-4097-B298-6AEEB6240E52}.Release|Any CPU.Build.0 = Release|Any CPU
	EndGlobalSection
	GlobalSection(SolutionProperties) = preSolution
		HideSolutionNode = FALSE
	EndGlobalSection
	GlobalSection(ExtensibilityGlobals) = postSolution
		SolutionGuid = {1D86C615-2E43-479B-984E-688AD6BD1ADC}
	EndGlobalSection
EndGlobal
